
Microsoft Visual Studio Solution File, Format Version 12.00
# Visual Studio Version 17
VisualStudioVersion = 17.0.31903.59
MinimumVisualStudioVersion = 10.0.40219.1
Project("{2150E333-8FDC-42A3-9474-1A3956D46DE8}") = "src", "src", "{827E0CD3-B72D-47B6-A68D-7590B98EB39B}"
EndProject
Project("{FAE04EC0-301F-11D3-BF4B-00C04F79EFBC}") = "Smart.NET.Abstractions", "src\Smart.NET.Abstractions\Smart.NET.Abstractions.csproj", "{1FB49217-70CE-4866-ACA1-EDBCDC2E5DC3}"
EndProject
Project("{FAE04EC0-301F-11D3-BF4B-00C04F79EFBC}") = "Smart.NET.Core", "src\Smart.NET.Core\Smart.NET.Core.csproj", "{7447F17C-7629-4963-B9FE-4D2E6BBD2A1C}"
EndProject
Project("{2150E333-8FDC-42A3-9474-1A3956D46DE8}") = "tests", "tests", "{0AB3BF05-4346-4AA6-1389-037BE0695223}"
EndProject
Project("{FAE04EC0-301F-11D3-BF4B-00C04F79EFBC}") = "Smart.NET.Tests", "tests\Smart.NET.Tests\Smart.NET.Tests.csproj", "{CC33F1BB-685C-47E3-824A-C57A62363CEE}"
EndProject
Project("{2150E333-8FDC-42A3-9474-1A3956D46DE8}") = "samples", "samples", "{5D20AA90-6969-D8BD-9DCD-8634F4692FDA}"
EndProject
Project("{FAE04EC0-301F-11D3-BF4B-00C04F79EFBC}") = "Smart.NET.ConsoleSample", "samples\Smart.NET.ConsoleSample\Smart.NET.ConsoleSample.csproj", "{F44F9F12-B727-46B7-8405-8FA8D02DD7A3}"
EndProject
Project("{FAE04EC0-301F-11D3-BF4B-00C04F79EFBC}") = "Smart.NET.Jev", "src\Smart.NET.Jev\Smart.NET.Jev.csproj", "{32EA64EC-7990-4260-9077-95389733537D}"
EndProject
Project("{FAE04EC0-301F-11D3-BF4B-00C04F79EFBC}") = "Smart.NET.Jev.Tests", "tests\Smart.NET.Jev.Tests\Smart.NET.Jev.Tests.csproj", "{6D08BA9C-F98B-45CB-975D-7BA9E6FA814F}"
EndProject
Project("{FAE04EC0-301F-11D3-BF4B-00C04F79EFBC}") = "Smart.NET.IntegrationTests", "tests\Smart.NET.IntegrationTests\Smart.NET.IntegrationTests.csproj", "{4A2B8392-9973-4C49-9D2F-8C5C473369B5}"
EndProject
Project("{FAE04EC0-301F-11D3-BF4B-00C04F79EFBC}") = "Smart.NET.AspNetSample", "samples\Smart.NET.AspNetSample\Smart.NET.AspNetSample.csproj", "{3426B6B2-C2B8-4B4B-A058-691F84BED88E}"
EndProject
Global
	GlobalSection(SolutionConfigurationPlatforms) = preSolution
		Debug|Any CPU = Debug|Any CPU
		Debug|x64 = Debug|x64
		Debug|x86 = Debug|x86
		Release|Any CPU = Release|Any CPU
		Release|x64 = Release|x64
		Release|x86 = Release|x86
	EndGlobalSection
	GlobalSection(ProjectConfigurationPlatforms) = postSolution
		{1FB49217-70CE-4866-ACA1-EDBCDC2E5DC3}.Debug|Any CPU.ActiveCfg = Debug|Any CPU
		{1FB49217-70CE-4866-ACA1-EDBCDC2E5DC3}.Debug|Any CPU.Build.0 = Debug|Any CPU
		{1FB49217-70CE-4866-ACA1-EDBCDC2E5DC3}.Debug|x64.ActiveCfg = Debug|Any CPU
		{1FB49217-70CE-4866-ACA1-EDBCDC2E5DC3}.Debug|x64.Build.0 = Debug|Any CPU
		{1FB49217-70CE-4866-ACA1-EDBCDC2E5DC3}.Debug|x86.ActiveCfg = Debug|Any CPU
		{1FB49217-70CE-4866-ACA1-EDBCDC2E5DC3}.Debug|x86.Build.0 = Debug|Any CPU
		{1FB49217-70CE-4866-ACA1-EDBCDC2E5DC3}.Release|Any CPU.ActiveCfg = Release|Any CPU
		{1FB49217-70CE-4866-ACA1-EDBCDC2E5DC3}.Release|Any CPU.Build.0 = Release|Any CPU
		{1FB49217-70CE-4866-ACA1-EDBCDC2E5DC3}.Release|x64.ActiveCfg = Release|Any CPU
		{1FB49217-70CE-4866-ACA1-EDBCDC2E5DC3}.Release|x64.Build.0 = Release|Any CPU
		{1FB49217-70CE-4866-ACA1-EDBCDC2E5DC3}.Release|x86.ActiveCfg = Release|Any CPU
		{1FB49217-70CE-4866-ACA1-EDBCDC2E5DC3}.Release|x86.Build.0 = Release|Any CPU
		{7447F17C-7629-4963-B9FE-4D2E6BBD2A1C}.Debug|Any CPU.ActiveCfg = Debug|Any CPU
		{7447F17C-7629-4963-B9FE-4D2E6BBD2A1C}.Debug|Any CPU.Build.0 = Debug|Any CPU
		{7447F17C-7629-4963-B9FE-4D2E6BBD2A1C}.Debug|x64.ActiveCfg = Debug|Any CPU
		{7447F17C-7629-4963-B9FE-4D2E6BBD2A1C}.Debug|x64.Build.0 = Debug|Any CPU
		{7447F17C-7629-4963-B9FE-4D2E6BBD2A1C}.Debug|x86.ActiveCfg = Debug|Any CPU
		{7447F17C-7629-4963-B9FE-4D2E6BBD2A1C}.Debug|x86.Build.0 = Debug|Any CPU
		{7447F17C-7629-4963-B9FE-4D2E6BBD2A1C}.Release|Any CPU.ActiveCfg = Release|Any CPU
		{7447F17C-7629-4963-B9FE-4D2E6BBD2A1C}.Release|Any CPU.Build.0 = Release|Any CPU
		{7447F17C-7629-4963-B9FE-4D2E6BBD2A1C}.Release|x64.ActiveCfg = Release|Any CPU
		{7447F17C-7629-4963-B9FE-4D2E6BBD2A1C}.Release|x64.Build.0 = Release|Any CPU
		{7447F17C-7629-4963-B9FE-4D2E6BBD2A1C}.Release|x86.ActiveCfg = Release|Any CPU
		{7447F17C-7629-4963-B9FE-4D2E6BBD2A1C}.Release|x86.Build.0 = Release|Any CPU
		{CC33F1BB-685C-47E3-824A-C57A62363CEE}.Debug|Any CPU.ActiveCfg = Debug|Any CPU
		{CC33F1BB-685C-47E3-824A-C57A62363CEE}.Debug|Any CPU.Build.0 = Debug|Any CPU
		{CC33F1BB-685C-47E3-824A-C57A62363CEE}.Debug|x64.ActiveCfg = Debug|Any CPU
		{CC33F1BB-685C-47E3-824A-C57A62363CEE}.Debug|x64.Build.0 = Debug|Any CPU
		{CC33F1BB-685C-47E3-824A-C57A62363CEE}.Debug|x86.ActiveCfg = Debug|Any CPU
		{CC33F1BB-685C-47E3-824A-C57A62363CEE}.Debug|x86.Build.0 = Debug|Any CPU
		{CC33F1BB-685C-47E3-824A-C57A62363CEE}.Release|Any CPU.ActiveCfg = Release|Any CPU
		{CC33F1BB-685C-47E3-824A-C57A62363CEE}.Release|Any CPU.Build.0 = Release|Any CPU
		{CC33F1BB-685C-47E3-824A-C57A62363CEE}.Release|x64.ActiveCfg = Release|Any CPU
		{CC33F1BB-685C-47E3-824A-C57A62363CEE}.Release|x64.Build.0 = Release|Any CPU
		{CC33F1BB-685C-47E3-824A-C57A62363CEE}.Release|x86.ActiveCfg = Release|Any CPU
		{CC33F1BB-685C-47E3-824A-C57A62363CEE}.Release|x86.Build.0 = Release|Any CPU
		{F44F9F12-B727-46B7-8405-8FA8D02DD7A3}.Debug|Any CPU.ActiveCfg = Debug|Any CPU
		{F44F9F12-B727-46B7-8405-8FA8D02DD7A3}.Debug|Any CPU.Build.0 = Debug|Any CPU
		{F44F9F12-B727-46B7-8405-8FA8D02DD7A3}.Debug|x64.ActiveCfg = Debug|Any CPU
		{F44F9F12-B727-46B7-8405-8FA8D02DD7A3}.Debug|x64.Build.0 = Debug|Any CPU
		{F44F9F12-B727-46B7-8405-8FA8D02DD7A3}.Debug|x86.ActiveCfg = Debug|Any CPU
		{F44F9F12-B727-46B7-8405-8FA8D02DD7A3}.Debug|x86.Build.0 = Debug|Any CPU
		{F44F9F12-B727-46B7-8405-8FA8D02DD7A3}.Release|Any CPU.ActiveCfg = Release|Any CPU
		{F44F9F12-B727-46B7-8405-8FA8D02DD7A3}.Release|Any CPU.Build.0 = Release|Any CPU
		{F44F9F12-B727-46B7-8405-8FA8D02DD7A3}.Release|x64.ActiveCfg = Release|Any CPU
		{F44F9F12-B727-46B7-8405-8FA8D02DD7A3}.Release|x64.Build.0 = Release|Any CPU
		{F44F9F12-B727-46B7-8405-8FA8D02DD7A3}.Release|x86.ActiveCfg = Release|Any CPU
		{F44F9F12-B727-46B7-8405-8FA8D02DD7A3}.Release|x86.Build.0 = Release|Any CPU
		{32EA64EC-7990-4260-9077-95389733537D}.Debug|Any CPU.ActiveCfg = Debug|Any CPU
		{32EA64EC-7990-4260-9077-95389733537D}.Debug|Any CPU.Build.0 = Debug|Any CPU
		{32EA64EC-7990-4260-9077-95389733537D}.Debug|x64.ActiveCfg = Debug|Any CPU
		{32EA64EC-7990-4260-9077-95389733537D}.Debug|x64.Build.0 = Debug|Any CPU
		{32EA64EC-7990-4260-9077-95389733537D}.Debug|x86.ActiveCfg = Debug|Any CPU
		{32EA64EC-7990-4260-9077-95389733537D}.Debug|x86.Build.0 = Debug|Any CPU
		{32EA64EC-7990-4260-9077-95389733537D}.Release|Any CPU.ActiveCfg = Release|Any CPU
		{32EA64EC-7990-4260-9077-95389733537D}.Release|Any CPU.Build.0 = Release|Any CPU
		{32EA64EC-7990-4260-9077-95389733537D}.Release|x64.ActiveCfg = Release|Any CPU
		{32EA64EC-7990-4260-9077-95389733537D}.Release|x64.Build.0 = Release|Any CPU
		{32EA64EC-7990-4260-9077-95389733537D}.Release|x86.ActiveCfg = Release|Any CPU
		{32EA64EC-7990-4260-9077-95389733537D}.Release|x86.Build.0 = Release|Any CPU
		{6D08BA9C-F98B-45CB-975D-7BA9E6FA814F}.Debug|Any CPU.ActiveCfg = Debug|Any CPU
		{6D08BA9C-F98B-45CB-975D-7BA9E6FA814F}.Debug|Any CPU.Build.0 = Debug|Any CPU
		{6D08BA9C-F98B-45CB-975D-7BA9E6FA814F}.Debug|x64.ActiveCfg = Debug|Any CPU
		{6D08BA9C-F98B-45CB-975D-7BA9E6FA814F}.Debug|x64.Build.0 = Debug|Any CPU
		{6D08BA9C-F98B-45CB-975D-7BA9E6FA814F}.Debug|x86.ActiveCfg = Debug|Any CPU
		{6D08BA9C-F98B-45CB-975D-7BA9E6FA814F}.Debug|x86.Build.0 = Debug|Any CPU
		{6D08BA9C-F98B-45CB-975D-7BA9E6FA814F}.Release|Any CPU.ActiveCfg = Release|Any CPU
		{6D08BA9C-F98B-45CB-975D-7BA9E6FA814F}.Release|Any CPU.Build.0 = Release|Any CPU
		{6D08BA9C-F98B-45CB-975D-7BA9E6FA814F}.Release|x64.ActiveCfg = Release|Any CPU
		{6D08BA9C-F98B-45CB-975D-7BA9E6FA814F}.Release|x64.Build.0 = Release|Any CPU
		{6D08BA9C-F98B-45CB-975D-7BA9E6FA814F}.Release|x86.ActiveCfg = Release|Any CPU
		{6D08BA9C-F98B-45CB-975D-7BA9E6FA814F}.Release|x86.Build.0 = Release|Any CPU
		{4A2B8392-9973-4C49-9D2F-8C5C473369B5}.Debug|Any CPU.ActiveCfg = Debug|Any CPU
		{4A2B8392-9973-4C49-9D2F-8C5C473369B5}.Debug|Any CPU.Build.0 = Debug|Any CPU
		{4A2B8392-9973-4C49-9D2F-8C5C473369B5}.Debug|x64.ActiveCfg = Debug|Any CPU
		{4A2B8392-9973-4C49-9D2F-8C5C473369B5}.Debug|x64.Build.0 = Debug|Any CPU
		{4A2B8392-9973-4C49-9D2F-8C5C473369B5}.Debug|x86.ActiveCfg = Debug|Any CPU
		{4A2B8392-9973-4C49-9D2F-8C5C473369B5}.Debug|x86.Build.0 = Debug|Any CPU
		{4A2B8392-9973-4C49-9D2F-8C5C473369B5}.Release|Any CPU.ActiveCfg = Release|Any CPU
		{4A2B8392-9973-4C49-9D2F-8C5C473369B5}.Release|Any CPU.Build.0 = Release|Any CPU
		{4A2B8392-9973-4C49-9D2F-8C5C473369B5}.Release|x64.ActiveCfg = Release|Any CPU
		{4A2B8392-9973-4C49-9D2F-8C5C473369B5}.Release|x64.Build.0 = Release|Any CPU
		{4A2B8392-9973-4C49-9D2F-8C5C473369B5}.Release|x86.ActiveCfg = Release|Any CPU
		{4A2B8392-9973-4C49-9D2F-8C5C473369B5}.Release|x86.Build.0 = Release|Any CPU
		{3426B6B2-C2B8-4B4B-A058-691F84BED88E}.Debug|Any CPU.ActiveCfg = Debug|Any CPU
		{3426B6B2-C2B8-4B4B-A058-691F84BED88E}.Debug|Any CPU.Build.0 = Debug|Any CPU
		{3426B6B2-C2B8-4B4B-A058-691F84BED88E}.Debug|x64.ActiveCfg = Debug|Any CPU
		{3426B6B2-C2B8-4B4B-A058-691F84BED88E}.Debug|x64.Build.0 = Debug|Any CPU
		{3426B6B2-C2B8-4B4B-A058-691F84BED88E}.Debug|x86.ActiveCfg = Debug|Any CPU
		{3426B6B2-C2B8-4B4B-A058-691F84BED88E}.Debug|x86.Build.0 = Debug|Any CPU
		{3426B6B2-C2B8-4B4B-A058-691F84BED88E}.Release|Any CPU.ActiveCfg = Release|Any CPU
		{3426B6B2-C2B8-4B4B-A058-691F84BED88E}.Release|Any CPU.Build.0 = Release|Any CPU
		{3426B6B2-C2B8-4B4B-A058-691F84BED88E}.Release|x64.ActiveCfg = Release|Any CPU
		{3426B6B2-C2B8-4B4B-A058-691F84BED88E}.Release|x64.Build.0 = Release|Any CPU
		{3426B6B2-C2B8-4B4B-A058-691F84BED88E}.Release|x86.ActiveCfg = Release|Any CPU
		{3426B6B2-C2B8-4B4B-A058-691F84BED88E}.Release|x86.Build.0 = Release|Any CPU
	EndGlobalSection
	GlobalSection(SolutionProperties) = preSolution
		HideSolutionNode = FALSE
	EndGlobalSection
	GlobalSection(NestedProjects) = preSolution
		{1FB49217-70CE-4866-ACA1-EDBCDC2E5DC3} = {827E0CD3-B72D-47B6-A68D-7590B98EB39B}
		{7447F17C-7629-4963-B9FE-4D2E6BBD2A1C} = {827E0CD3-B72D-47B6-A68D-7590B98EB39B}
		{CC33F1BB-685C-47E3-824A-C57A62363CEE} = {0AB3BF05-4346-4AA6-1389-037BE0695223}
		{F44F9F12-B727-46B7-8405-8FA8D02DD7A3} = {5D20AA90-6969-D8BD-9DCD-8634F4692FDA}
		{32EA64EC-7990-4260-9077-95389733537D} = {827E0CD3-B72D-47B6-A68D-7590B98EB39B}
		{6D08BA9C-F98B-45CB-975D-7BA9E6FA814F} = {0AB3BF05-4346-4AA6-1389-037BE0695223}
		{4A2B8392-9973-4C49-9D2F-8C5C473369B5} = {0AB3BF05-4346-4AA6-1389-037BE0695223}
		{3426B6B2-C2B8-4B4B-A058-691F84BED88E} = {5D20AA90-6969-D8BD-9DCD-8634F4692FDA}
	EndGlobalSection
EndGlobal
